
Microsoft Visual Studio Solution File, Format Version 12.00
# Visual Studio Version 17
VisualStudioVersion = 17.7.34031.279
MinimumVisualStudioVersion = 10.0.40219.1
Project("{FAE04EC0-301F-11D3-BF4B-00C04F79EFBC}") = "ShiftsLogger.K-MYR", "ShiftsLogger.K-MYR\ShiftsLogger.K-MYR.csproj", "{4EC1D759-17C3-49FC-B7F4-5E731DF639FE}"
EndProject
Global
	GlobalSection(SolutionConfigurationPlatforms) = preSolution
		Debug|Any CPU = Debug|Any CPU
		Release|Any CPU = Release|Any CPU
	EndGlobalSection
	GlobalSection(ProjectConfigurationPlatforms) = postSolution
		{4EC1D759-17C3-49FC-B7F4-5E731DF639FE}.Debug|Any CPU.ActiveCfg = Debug|Any CPU
		{4EC1D759-17C3-49FC-B7F4-5E731DF639FE}.Debug|Any CPU.Build.0 = Debug|Any CPU
		{4EC1D759-17C3-49FC-B7F4-5E731DF639FE}.Release|Any CPU.ActiveCfg = Release|Any CPU
		{4EC1D759-17C3-49FC-B7F4-5E731DF639FE}.Release|Any CPU.Build.0 = Release|Any CPU
	EndGlobalSection
	GlobalSection(SolutionProperties) = preSolution
		HideSolutionNode = FALSE
	EndGlobalSection
	GlobalSection(ExtensibilityGlobals) = postSolution
		SolutionGuid = {3A3CE341-5EDA-43C5-A33A-93065809A16F}
	EndGlobalSection
EndGlobal
