
Microsoft Visual Studio Solution File, Format Version 12.00
# Visual Studio Version 17
VisualStudioVersion = 17.9.34607.119
MinimumVisualStudioVersion = 10.0.40219.1
Project("{9A19103F-16F7-4668-BE54-9A1E7A4F7556}") = "Buutyful.ShiftsLogger.Ui", "Buutyful.ShiftsLogger.Ui\Buutyful.ShiftsLogger.Ui.csproj", "{53EEA75B-036F-41D5-9B74-91D54B3FE30F}"
EndProject
Project("{9A19103F-16F7-4668-BE54-9A1E7A4F7556}") = "Buutyful.ShiftsLogger.Api", "Buutyful.ShiftsLogger.Api\Buutyful.ShiftsLogger.Api.csproj", "{4D7430CF-2946-4A26-BF78-5967B659EF15}"
EndProject
Project("{9A19103F-16F7-4668-BE54-9A1E7A4F7556}") = "Buutyful.ShiftsLogger.Domain", "Buutyful.ShiftsLogger.Domain\Buutyful.ShiftsLogger.Domain.csproj", "{225F8E9E-547C-4533-BD34-D1D22BC9AD21}"
EndProject
Global
	GlobalSection(SolutionConfigurationPlatforms) = preSolution
		Debug|Any CPU = Debug|Any CPU
		Release|Any CPU = Release|Any CPU
	EndGlobalSection
	GlobalSection(ProjectConfigurationPlatforms) = postSolution
		{53EEA75B-036F-41D5-9B74-91D54B3FE30F}.Debug|Any CPU.ActiveCfg = Debug|Any CPU
		{53EEA75B-036F-41D5-9B74-91D54B3FE30F}.Debug|Any CPU.Build.0 = Debug|Any CPU
		{53EEA75B-036F-41D5-9B74-91D54B3FE30F}.Release|Any CPU.ActiveCfg = Release|Any CPU
		{53EEA75B-036F-41D5-9B74-91D54B3FE30F}.Release|Any CPU.Build.0 = Release|Any CPU
		{4D7430CF-2946-4A26-BF78-5967B659EF15}.Debug|Any CPU.ActiveCfg = Debug|Any CPU
		{4D7430CF-2946-4A26-BF78-5967B659EF15}.Debug|Any CPU.Build.0 = Debug|Any CPU
		{4D7430CF-2946-4A26-BF78-5967B659EF15}.Release|Any CPU.ActiveCfg = Release|Any CPU
		{4D7430CF-2946-4A26-BF78-5967B659EF15}.Release|Any CPU.Build.0 = Release|Any CPU
		{225F8E9E-547C-4533-BD34-D1D22BC9AD21}.Debug|Any CPU.ActiveCfg = Debug|Any CPU
		{225F8E9E-547C-4533-BD34-D1D22BC9AD21}.Debug|Any CPU.Build.0 = Debug|Any CPU
		{225F8E9E-547C-4533-BD34-D1D22BC9AD21}.Release|Any CPU.ActiveCfg = Release|Any CPU
		{225F8E9E-547C-4533-BD34-D1D22BC9AD21}.Release|Any CPU.Build.0 = Release|Any CPU
	EndGlobalSection
	GlobalSection(SolutionProperties) = preSolution
		HideSolutionNode = FALSE
	EndGlobalSection
	GlobalSection(ExtensibilityGlobals) = postSolution
		SolutionGuid = {6FDD330D-5C10-46B3-A35F-1FFE45E22DF2}
	EndGlobalSection
EndGlobal
