
Microsoft Visual Studio Solution File, Format Version 12.00
# Visual Studio Version 17
VisualStudioVersion = 17.1.32421.90
MinimumVisualStudioVersion = 10.0.40219.1
Project("{FAE04EC0-301F-11D3-BF4B-00C04F79EFBC}") = "WorkerShiftLogger", "WorkerShiftLogger\WorkerShiftLogger.csproj", "{704927B7-A2AF-4484-BDA9-B84F9BDA7E48}"
EndProject
Global
	GlobalSection(SolutionConfigurationPlatforms) = preSolution
		Debug|Any CPU = Debug|Any CPU
		Release|Any CPU = Release|Any CPU
	EndGlobalSection
	GlobalSection(ProjectConfigurationPlatforms) = postSolution
		{704927B7-A2AF-4484-BDA9-B84F9BDA7E48}.Debug|Any CPU.ActiveCfg = Debug|Any CPU
		{704927B7-A2AF-4484-BDA9-B84F9BDA7E48}.Debug|Any CPU.Build.0 = Debug|Any CPU
		{704927B7-A2AF-4484-BDA9-B84F9BDA7E48}.Release|Any CPU.ActiveCfg = Release|Any CPU
		{704927B7-A2AF-4484-BDA9-B84F9BDA7E48}.Release|Any CPU.Build.0 = Release|Any CPU
	EndGlobalSection
	GlobalSection(SolutionProperties) = preSolution
		HideSolutionNode = FALSE
	EndGlobalSection
	GlobalSection(ExtensibilityGlobals) = postSolution
		SolutionGuid = {2E1E22D7-39BD-4286-9E15-8A6E3689EECC}
	EndGlobalSection
EndGlobal
