
Microsoft Visual Studio Solution File, Format Version 12.00
# Visual Studio Version 17
VisualStudioVersion = 17.12.35707.178 d17.12
MinimumVisualStudioVersion = 10.0.40219.1
Project("{FAE04EC0-301F-11D3-BF4B-00C04F79EFBC}") = "HKHemanthSharma.ShiftsLogger", "HKHemanthSharma.ShiftsLogger\HKHemanthSharma.ShiftsLogger.csproj", "{07AD22D1-FF2D-4D77-984B-CF6ACA66C1D5}"
EndProject
Project("{FAE04EC0-301F-11D3-BF4B-00C04F79EFBC}") = "HKhemanthSharma.ShiftLoggerAPI", "HKhemanthSharma.ShiftLoggerAPI\HKhemanthSharma.ShiftLoggerAPI.csproj", "{8644CC1B-74F8-4900-9C31-61F4E6ED6F51}"
EndProject
Global
	GlobalSection(SolutionConfigurationPlatforms) = preSolution
		Debug|Any CPU = Debug|Any CPU
		Release|Any CPU = Release|Any CPU
	EndGlobalSection
	GlobalSection(ProjectConfigurationPlatforms) = postSolution
		{07AD22D1-FF2D-4D77-984B-CF6ACA66C1D5}.Debug|Any CPU.ActiveCfg = Debug|Any CPU
		{07AD22D1-FF2D-4D77-984B-CF6ACA66C1D5}.Debug|Any CPU.Build.0 = Debug|Any CPU
		{07AD22D1-FF2D-4D77-984B-CF6ACA66C1D5}.Release|Any CPU.ActiveCfg = Release|Any CPU
		{07AD22D1-FF2D-4D77-984B-CF6ACA66C1D5}.Release|Any CPU.Build.0 = Release|Any CPU
		{8644CC1B-74F8-4900-9C31-61F4E6ED6F51}.Debug|Any CPU.ActiveCfg = Debug|Any CPU
		{8644CC1B-74F8-4900-9C31-61F4E6ED6F51}.Debug|Any CPU.Build.0 = Debug|Any CPU
		{8644CC1B-74F8-4900-9C31-61F4E6ED6F51}.Release|Any CPU.ActiveCfg = Release|Any CPU
		{8644CC1B-74F8-4900-9C31-61F4E6ED6F51}.Release|Any CPU.Build.0 = Release|Any CPU
	EndGlobalSection
	GlobalSection(SolutionProperties) = preSolution
		HideSolutionNode = FALSE
	EndGlobalSection
EndGlobal
