
Microsoft Visual Studio Solution File, Format Version 12.00
Project("{FAE04EC0-301F-11D3-BF4B-00C04F79EFBC}") = "ShiftsLoggerAPI", "ShiftsLoggerAPI\ShiftsLoggerAPI.csproj", "{F3BE8CD7-D1A5-461D-A700-368759AB8CBB}"
EndProject
Project("{FAE04EC0-301F-11D3-BF4B-00C04F79EFBC}") = "ShiftsLoggerUI", "ShiftsLoggerUI\ShiftsLoggerUI.csproj", "{BB878E12-EE7D-4C1B-BD15-7131E78834A0}"
EndProject
Global
	GlobalSection(SolutionConfigurationPlatforms) = preSolution
		Debug|Any CPU = Debug|Any CPU
		Release|Any CPU = Release|Any CPU
	EndGlobalSection
	GlobalSection(ProjectConfigurationPlatforms) = postSolution
		{F3BE8CD7-D1A5-461D-A700-368759AB8CBB}.Debug|Any CPU.ActiveCfg = Debug|Any CPU
		{F3BE8CD7-D1A5-461D-A700-368759AB8CBB}.Debug|Any CPU.Build.0 = Debug|Any CPU
		{F3BE8CD7-D1A5-461D-A700-368759AB8CBB}.Release|Any CPU.ActiveCfg = Release|Any CPU
		{F3BE8CD7-D1A5-461D-A700-368759AB8CBB}.Release|Any CPU.Build.0 = Release|Any CPU
		{BB878E12-EE7D-4C1B-BD15-7131E78834A0}.Debug|Any CPU.ActiveCfg = Debug|Any CPU
		{BB878E12-EE7D-4C1B-BD15-7131E78834A0}.Debug|Any CPU.Build.0 = Debug|Any CPU
		{BB878E12-EE7D-4C1B-BD15-7131E78834A0}.Release|Any CPU.ActiveCfg = Release|Any CPU
		{BB878E12-EE7D-4C1B-BD15-7131E78834A0}.Release|Any CPU.Build.0 = Release|Any CPU
	EndGlobalSection
EndGlobal
