
Microsoft Visual Studio Solution File, Format Version 12.00
# Visual Studio Version 17
VisualStudioVersion = 17.9.34902.65
MinimumVisualStudioVersion = 10.0.40219.1
Project("{FAE04EC0-301F-11D3-BF4B-00C04F79EFBC}") = "Shifts Logger", "Shifts Logger\Shifts Logger.csproj", "{2B52F5E7-DA01-4D40-B0E9-E7BA5CA6B50A}"
EndProject
Project("{FAE04EC0-301F-11D3-BF4B-00C04F79EFBC}") = "ShiftsLoggerAPI", "ShiftsLoggerAPI\ShiftsLoggerAPI.csproj", "{00FB6DC1-ABF7-463F-BD13-B4A68E34AA49}"
EndProject
Global
	GlobalSection(SolutionConfigurationPlatforms) = preSolution
		Debug|Any CPU = Debug|Any CPU
		Release|Any CPU = Release|Any CPU
	EndGlobalSection
	GlobalSection(ProjectConfigurationPlatforms) = postSolution
		{2B52F5E7-DA01-4D40-B0E9-E7BA5CA6B50A}.Debug|Any CPU.ActiveCfg = Debug|Any CPU
		{2B52F5E7-DA01-4D40-B0E9-E7BA5CA6B50A}.Debug|Any CPU.Build.0 = Debug|Any CPU
		{2B52F5E7-DA01-4D40-B0E9-E7BA5CA6B50A}.Release|Any CPU.ActiveCfg = Release|Any CPU
		{2B52F5E7-DA01-4D40-B0E9-E7BA5CA6B50A}.Release|Any CPU.Build.0 = Release|Any CPU
		{00FB6DC1-ABF7-463F-BD13-B4A68E34AA49}.Debug|Any CPU.ActiveCfg = Debug|Any CPU
		{00FB6DC1-ABF7-463F-BD13-B4A68E34AA49}.Debug|Any CPU.Build.0 = Debug|Any CPU
		{00FB6DC1-ABF7-463F-BD13-B4A68E34AA49}.Release|Any CPU.ActiveCfg = Release|Any CPU
		{00FB6DC1-ABF7-463F-BD13-B4A68E34AA49}.Release|Any CPU.Build.0 = Release|Any CPU
	EndGlobalSection
	GlobalSection(SolutionProperties) = preSolution
		HideSolutionNode = FALSE
	EndGlobalSection
	GlobalSection(ExtensibilityGlobals) = postSolution
		SolutionGuid = {B4B207AE-45A0-4E18-982F-C2B4E368B728}
	EndGlobalSection
EndGlobal
