
Microsoft Visual Studio Solution File, Format Version 12.00
# Visual Studio Version 17
VisualStudioVersion = 17.10.35013.160
MinimumVisualStudioVersion = 10.0.40219.1
Project("{FAE04EC0-301F-11D3-BF4B-00C04F79EFBC}") = "ShiftsLogger.kjanos89", "ShiftsLogger.kjanos89\ShiftsLogger.kjanos89.csproj", "{DCB254D0-7842-48CE-ACAB-48EFB2DF7864}"
EndProject
Global
	GlobalSection(SolutionConfigurationPlatforms) = preSolution
		Debug|Any CPU = Debug|Any CPU
		Release|Any CPU = Release|Any CPU
	EndGlobalSection
	GlobalSection(ProjectConfigurationPlatforms) = postSolution
		{DCB254D0-7842-48CE-ACAB-48EFB2DF7864}.Debug|Any CPU.ActiveCfg = Debug|Any CPU
		{DCB254D0-7842-48CE-ACAB-48EFB2DF7864}.Debug|Any CPU.Build.0 = Debug|Any CPU
		{DCB254D0-7842-48CE-ACAB-48EFB2DF7864}.Release|Any CPU.ActiveCfg = Release|Any CPU
		{DCB254D0-7842-48CE-ACAB-48EFB2DF7864}.Release|Any CPU.Build.0 = Release|Any CPU
	EndGlobalSection
	GlobalSection(SolutionProperties) = preSolution
		HideSolutionNode = FALSE
	EndGlobalSection
	GlobalSection(ExtensibilityGlobals) = postSolution
		SolutionGuid = {5AE36123-E070-4668-9F66-231F421D7552}
	EndGlobalSection
EndGlobal
