
Microsoft Visual Studio Solution File, Format Version 12.00
# Visual Studio Version 17
VisualStudioVersion = 17.10.35013.160
MinimumVisualStudioVersion = 10.0.40219.1
Project("{FAE04EC0-301F-11D3-BF4B-00C04F79EFBC}") = "ShiftsLogger.kjanos89", "ShiftsLogger.kjanos89\ShiftsLogger.kjanos89.csproj", "{78065112-AA5A-4314-B42A-A9DC4CC74260}"
EndProject
Project("{FAE04EC0-301F-11D3-BF4B-00C04F79EFBC}") = "ShiftsLoggerAPI", "ShiftsLoggerAPI\ShiftsLoggerAPI.csproj", "{160F89B4-649B-473B-ACED-E42B62106FD2}"
EndProject
Project("{FAE04EC0-301F-11D3-BF4B-00C04F79EFBC}") = "ShiftsLoggerUI", "ShiftsLoggerUI\ShiftsLoggerUI.csproj", "{7CB2E5EE-1BC4-408A-9F6D-86BAC22BB09D}"
EndProject
Global
	GlobalSection(SolutionConfigurationPlatforms) = preSolution
		Debug|Any CPU = Debug|Any CPU
		Release|Any CPU = Release|Any CPU
	EndGlobalSection
	GlobalSection(ProjectConfigurationPlatforms) = postSolution
		{78065112-AA5A-4314-B42A-A9DC4CC74260}.Debug|Any CPU.ActiveCfg = Debug|Any CPU
		{78065112-AA5A-4314-B42A-A9DC4CC74260}.Debug|Any CPU.Build.0 = Debug|Any CPU
		{78065112-AA5A-4314-B42A-A9DC4CC74260}.Release|Any CPU.ActiveCfg = Release|Any CPU
		{78065112-AA5A-4314-B42A-A9DC4CC74260}.Release|Any CPU.Build.0 = Release|Any CPU
		{160F89B4-649B-473B-ACED-E42B62106FD2}.Debug|Any CPU.ActiveCfg = Debug|Any CPU
		{160F89B4-649B-473B-ACED-E42B62106FD2}.Debug|Any CPU.Build.0 = Debug|Any CPU
		{160F89B4-649B-473B-ACED-E42B62106FD2}.Release|Any CPU.ActiveCfg = Release|Any CPU
		{160F89B4-649B-473B-ACED-E42B62106FD2}.Release|Any CPU.Build.0 = Release|Any CPU
		{7CB2E5EE-1BC4-408A-9F6D-86BAC22BB09D}.Debug|Any CPU.ActiveCfg = Debug|Any CPU
		{7CB2E5EE-1BC4-408A-9F6D-86BAC22BB09D}.Debug|Any CPU.Build.0 = Debug|Any CPU
		{7CB2E5EE-1BC4-408A-9F6D-86BAC22BB09D}.Release|Any CPU.ActiveCfg = Release|Any CPU
		{7CB2E5EE-1BC4-408A-9F6D-86BAC22BB09D}.Release|Any CPU.Build.0 = Release|Any CPU
	EndGlobalSection
	GlobalSection(SolutionProperties) = preSolution
		HideSolutionNode = FALSE
	EndGlobalSection
	GlobalSection(ExtensibilityGlobals) = postSolution
		SolutionGuid = {7D8E70B3-1BC6-4AE7-B631-D9B29BEA0CC6}
	EndGlobalSection
EndGlobal
