
Microsoft Visual Studio Solution File, Format Version 12.00
# Visual Studio Version 17
VisualStudioVersion = 17.5.33516.290
MinimumVisualStudioVersion = 10.0.40219.1
Project("{9A19103F-16F7-4668-BE54-9A1E7A4F7556}") = "ShiftsLoggerAPI", "ShiftsLoggerAPI\ShiftsLoggerAPI.csproj", "{25C00FD2-18CF-4B70-AFF2-2EEFFBDD3081}"
EndProject
Project("{FAE04EC0-301F-11D3-BF4B-00C04F79EFBC}") = "ShiftsLoggerUI", "ShiftsLoggerUI\ShiftsLoggerUI.csproj", "{E55D5CEE-B68D-4258-A114-A49D190AAA89}"
EndProject
Global
	GlobalSection(SolutionConfigurationPlatforms) = preSolution
		Debug|Any CPU = Debug|Any CPU
		Release|Any CPU = Release|Any CPU
	EndGlobalSection
	GlobalSection(ProjectConfigurationPlatforms) = postSolution
		{25C00FD2-18CF-4B70-AFF2-2EEFFBDD3081}.Debug|Any CPU.ActiveCfg = Debug|Any CPU
		{25C00FD2-18CF-4B70-AFF2-2EEFFBDD3081}.Debug|Any CPU.Build.0 = Debug|Any CPU
		{25C00FD2-18CF-4B70-AFF2-2EEFFBDD3081}.Release|Any CPU.ActiveCfg = Release|Any CPU
		{25C00FD2-18CF-4B70-AFF2-2EEFFBDD3081}.Release|Any CPU.Build.0 = Release|Any CPU
		{E55D5CEE-B68D-4258-A114-A49D190AAA89}.Debug|Any CPU.ActiveCfg = Debug|Any CPU
		{E55D5CEE-B68D-4258-A114-A49D190AAA89}.Debug|Any CPU.Build.0 = Debug|Any CPU
		{E55D5CEE-B68D-4258-A114-A49D190AAA89}.Release|Any CPU.ActiveCfg = Release|Any CPU
		{E55D5CEE-B68D-4258-A114-A49D190AAA89}.Release|Any CPU.Build.0 = Release|Any CPU
	EndGlobalSection
	GlobalSection(SolutionProperties) = preSolution
		HideSolutionNode = FALSE
	EndGlobalSection
	GlobalSection(ExtensibilityGlobals) = postSolution
		SolutionGuid = {6A98753F-A8C5-41F4-A756-FA7C8A8B5290}
	EndGlobalSection
EndGlobal
