
Microsoft Visual Studio Solution File, Format Version 12.00
# Visual Studio Version 17
VisualStudioVersion = 17.6.33829.357
MinimumVisualStudioVersion = 10.0.40219.1
Project("{FAE04EC0-301F-11D3-BF4B-00C04F79EFBC}") = "ShiftLoggerAPI", "ShiftLoggerAPI\ShiftLoggerAPI.csproj", "{32597823-5B4B-4962-B390-1003936A1C4B}"
EndProject
Global
	GlobalSection(SolutionConfigurationPlatforms) = preSolution
		Debug|Any CPU = Debug|Any CPU
		Release|Any CPU = Release|Any CPU
	EndGlobalSection
	GlobalSection(ProjectConfigurationPlatforms) = postSolution
		{32597823-5B4B-4962-B390-1003936A1C4B}.Debug|Any CPU.ActiveCfg = Debug|Any CPU
		{32597823-5B4B-4962-B390-1003936A1C4B}.Debug|Any CPU.Build.0 = Debug|Any CPU
		{32597823-5B4B-4962-B390-1003936A1C4B}.Release|Any CPU.ActiveCfg = Release|Any CPU
		{32597823-5B4B-4962-B390-1003936A1C4B}.Release|Any CPU.Build.0 = Release|Any CPU
	EndGlobalSection
	GlobalSection(SolutionProperties) = preSolution
		HideSolutionNode = FALSE
	EndGlobalSection
	GlobalSection(ExtensibilityGlobals) = postSolution
		SolutionGuid = {3770EE80-7218-4DB0-962D-88036E92C28B}
	EndGlobalSection
EndGlobal
