
Microsoft Visual Studio Solution File, Format Version 12.00
# Visual Studio Version 17
VisualStudioVersion = 17.4.33205.214
MinimumVisualStudioVersion = 10.0.40219.1
Project("{9A19103F-16F7-4668-BE54-9A1E7A4F7556}") = "edvaudin.ShiftLogger.API", "edvaudin.ShiftLogger.API.csproj", "{22D746FD-8C17-4B64-972A-D4B10A1054E4}"
EndProject
Project("{FAE04EC0-301F-11D3-BF4B-00C04F79EFBC}") = "edvaudin.ShiftLogger.UI", "..\edvaudin.ShiftLogger.UI\edvaudin.ShiftLogger.UI.csproj", "{1C5EFF80-7F68-44EA-8BF4-AB04BBB4B152}"
EndProject
Global
	GlobalSection(SolutionConfigurationPlatforms) = preSolution
		Debug|Any CPU = Debug|Any CPU
		Release|Any CPU = Release|Any CPU
	EndGlobalSection
	GlobalSection(ProjectConfigurationPlatforms) = postSolution
		{22D746FD-8C17-4B64-972A-D4B10A1054E4}.Debug|Any CPU.ActiveCfg = Debug|Any CPU
		{22D746FD-8C17-4B64-972A-D4B10A1054E4}.Debug|Any CPU.Build.0 = Debug|Any CPU
		{22D746FD-8C17-4B64-972A-D4B10A1054E4}.Release|Any CPU.ActiveCfg = Release|Any CPU
		{22D746FD-8C17-4B64-972A-D4B10A1054E4}.Release|Any CPU.Build.0 = Release|Any CPU
		{1C5EFF80-7F68-44EA-8BF4-AB04BBB4B152}.Debug|Any CPU.ActiveCfg = Debug|Any CPU
		{1C5EFF80-7F68-44EA-8BF4-AB04BBB4B152}.Debug|Any CPU.Build.0 = Debug|Any CPU
		{1C5EFF80-7F68-44EA-8BF4-AB04BBB4B152}.Release|Any CPU.ActiveCfg = Release|Any CPU
		{1C5EFF80-7F68-44EA-8BF4-AB04BBB4B152}.Release|Any CPU.Build.0 = Release|Any CPU
	EndGlobalSection
	GlobalSection(SolutionProperties) = preSolution
		HideSolutionNode = FALSE
	EndGlobalSection
	GlobalSection(ExtensibilityGlobals) = postSolution
		SolutionGuid = {EF70BF00-3271-45D1-AE14-A7410187F3FE}
	EndGlobalSection
EndGlobal
