
Microsoft Visual Studio Solution File, Format Version 12.00
# Visual Studio Version 17
VisualStudioVersion = 17.12.35506.116 d17.12
MinimumVisualStudioVersion = 10.0.40219.1
Project("{FAE04EC0-301F-11D3-BF4B-00C04F79EFBC}") = "ShiftsLogger.Backend", "ShiftsLogger.Backend\ShiftsLogger.Backend.csproj", "{458A143C-48B7-4B8C-B28B-55E3CAF71999}"
EndProject
Global
	GlobalSection(SolutionConfigurationPlatforms) = preSolution
		Debug|Any CPU = Debug|Any CPU
		Release|Any CPU = Release|Any CPU
	EndGlobalSection
	GlobalSection(ProjectConfigurationPlatforms) = postSolution
		{458A143C-48B7-4B8C-B28B-55E3CAF71999}.Debug|Any CPU.ActiveCfg = Debug|Any CPU
		{458A143C-48B7-4B8C-B28B-55E3CAF71999}.Debug|Any CPU.Build.0 = Debug|Any CPU
		{458A143C-48B7-4B8C-B28B-55E3CAF71999}.Release|Any CPU.ActiveCfg = Release|Any CPU
		{458A143C-48B7-4B8C-B28B-55E3CAF71999}.Release|Any CPU.Build.0 = Release|Any CPU
	EndGlobalSection
	GlobalSection(SolutionProperties) = preSolution
		HideSolutionNode = FALSE
	EndGlobalSection
EndGlobal
