
Microsoft Visual Studio Solution File, Format Version 12.00
Project("{FAE04EC0-301F-11D3-BF4B-00C04F79EFBC}") = "ShiftsLoggerAPI", "ShiftsLoggerAPI\ShiftsLoggerAPI.csproj", "{E183ACF8-11FD-4890-BACC-084F4FC7243B}"
EndProject
Project("{FAE04EC0-301F-11D3-BF4B-00C04F79EFBC}") = "ShiftsLoggerCLI", "ShiftsLoggerCLI\ShiftsLoggerCLI.csproj", "{3E7A855E-E97B-4508-9D14-311715B0D7A0}"
EndProject
Project("{FAE04EC0-301F-11D3-BF4B-00C04F79EFBC}") = "ShiftsLoggerModels", "ShiftsLoggerModels\ShiftsLoggerModels.csproj", "{E208F1FE-2197-4CD3-9777-3580FB6F2B44}"
EndProject
Project("{FAE04EC0-301F-11D3-BF4B-00C04F79EFBC}") = "ShiftsLoggerClientLibrary", "ShiftsLoggerClientLibrary\ShiftsLoggerClientLibrary.csproj", "{D7FACFE3-9F73-4DCC-B436-8728B7B9C3C4}"
EndProject
Global
	GlobalSection(SolutionConfigurationPlatforms) = preSolution
		Debug|Any CPU = Debug|Any CPU
		Release|Any CPU = Release|Any CPU
	EndGlobalSection
	GlobalSection(ProjectConfigurationPlatforms) = postSolution
		{E183ACF8-11FD-4890-BACC-084F4FC7243B}.Debug|Any CPU.ActiveCfg = Debug|Any CPU
		{E183ACF8-11FD-4890-BACC-084F4FC7243B}.Debug|Any CPU.Build.0 = Debug|Any CPU
		{E183ACF8-11FD-4890-BACC-084F4FC7243B}.Release|Any CPU.ActiveCfg = Release|Any CPU
		{E183ACF8-11FD-4890-BACC-084F4FC7243B}.Release|Any CPU.Build.0 = Release|Any CPU
		{3E7A855E-E97B-4508-9D14-311715B0D7A0}.Debug|Any CPU.ActiveCfg = Debug|Any CPU
		{3E7A855E-E97B-4508-9D14-311715B0D7A0}.Debug|Any CPU.Build.0 = Debug|Any CPU
		{3E7A855E-E97B-4508-9D14-311715B0D7A0}.Release|Any CPU.ActiveCfg = Release|Any CPU
		{3E7A855E-E97B-4508-9D14-311715B0D7A0}.Release|Any CPU.Build.0 = Release|Any CPU
		{E208F1FE-2197-4CD3-9777-3580FB6F2B44}.Debug|Any CPU.ActiveCfg = Debug|Any CPU
		{E208F1FE-2197-4CD3-9777-3580FB6F2B44}.Debug|Any CPU.Build.0 = Debug|Any CPU
		{E208F1FE-2197-4CD3-9777-3580FB6F2B44}.Release|Any CPU.ActiveCfg = Release|Any CPU
		{E208F1FE-2197-4CD3-9777-3580FB6F2B44}.Release|Any CPU.Build.0 = Release|Any CPU
		{D7FACFE3-9F73-4DCC-B436-8728B7B9C3C4}.Debug|Any CPU.ActiveCfg = Debug|Any CPU
		{D7FACFE3-9F73-4DCC-B436-8728B7B9C3C4}.Debug|Any CPU.Build.0 = Debug|Any CPU
		{D7FACFE3-9F73-4DCC-B436-8728B7B9C3C4}.Release|Any CPU.ActiveCfg = Release|Any CPU
		{D7FACFE3-9F73-4DCC-B436-8728B7B9C3C4}.Release|Any CPU.Build.0 = Release|Any CPU
	EndGlobalSection
EndGlobal
