
Microsoft Visual Studio Solution File, Format Version 12.00
# Visual Studio Version 17
VisualStudioVersion = 17.11.35312.102
MinimumVisualStudioVersion = 10.0.40219.1
Project("{FAE04EC0-301F-11D3-BF4B-00C04F79EFBC}") = "ShiftsLogger.AdityaVaidya", "ShiftsLogger.AdityaVaidya\ShiftsLogger.AdityaVaidya.csproj", "{C45830B3-E9C4-489A-9533-20380CF6E21E}"
EndProject
Global
	GlobalSection(SolutionConfigurationPlatforms) = preSolution
		Debug|Any CPU = Debug|Any CPU
		Release|Any CPU = Release|Any CPU
	EndGlobalSection
	GlobalSection(ProjectConfigurationPlatforms) = postSolution
		{C45830B3-E9C4-489A-9533-20380CF6E21E}.Debug|Any CPU.ActiveCfg = Debug|Any CPU
		{C45830B3-E9C4-489A-9533-20380CF6E21E}.Debug|Any CPU.Build.0 = Debug|Any CPU
		{C45830B3-E9C4-489A-9533-20380CF6E21E}.Release|Any CPU.ActiveCfg = Release|Any CPU
		{C45830B3-E9C4-489A-9533-20380CF6E21E}.Release|Any CPU.Build.0 = Release|Any CPU
	EndGlobalSection
	GlobalSection(SolutionProperties) = preSolution
		HideSolutionNode = FALSE
	EndGlobalSection
	GlobalSection(ExtensibilityGlobals) = postSolution
		SolutionGuid = {24E0966F-E5E8-4AF0-B2DC-0E40AE9D0679}
	EndGlobalSection
EndGlobal
