
Microsoft Visual Studio Solution File, Format Version 12.00
# Visual Studio Version 17
VisualStudioVersion = 17.11.35222.181
MinimumVisualStudioVersion = 10.0.40219.1
Project("{FAE04EC0-301F-11D3-BF4B-00C04F79EFBC}") = "ShiftsLoggerAPI", "ShiftsLoggerAPI\ShiftsLoggerAPI.csproj", "{95AD2ABA-9258-4BAA-8A9A-63963FA53C80}"
EndProject
Project("{FAE04EC0-301F-11D3-BF4B-00C04F79EFBC}") = "ShiftsLoggerUI", "ShiftsLoggerUI\ShiftsLoggerUI.csproj", "{F398722D-D916-4BBB-A4E9-938374F06FF1}"
EndProject
Global
	GlobalSection(SolutionConfigurationPlatforms) = preSolution
		Debug|Any CPU = Debug|Any CPU
		Release|Any CPU = Release|Any CPU
	EndGlobalSection
	GlobalSection(ProjectConfigurationPlatforms) = postSolution
		{95AD2ABA-9258-4BAA-8A9A-63963FA53C80}.Debug|Any CPU.ActiveCfg = Debug|Any CPU
		{95AD2ABA-9258-4BAA-8A9A-63963FA53C80}.Debug|Any CPU.Build.0 = Debug|Any CPU
		{95AD2ABA-9258-4BAA-8A9A-63963FA53C80}.Release|Any CPU.ActiveCfg = Release|Any CPU
		{95AD2ABA-9258-4BAA-8A9A-63963FA53C80}.Release|Any CPU.Build.0 = Release|Any CPU
		{F398722D-D916-4BBB-A4E9-938374F06FF1}.Debug|Any CPU.ActiveCfg = Debug|Any CPU
		{F398722D-D916-4BBB-A4E9-938374F06FF1}.Debug|Any CPU.Build.0 = Debug|Any CPU
		{F398722D-D916-4BBB-A4E9-938374F06FF1}.Release|Any CPU.ActiveCfg = Release|Any CPU
		{F398722D-D916-4BBB-A4E9-938374F06FF1}.Release|Any CPU.Build.0 = Release|Any CPU
	EndGlobalSection
	GlobalSection(SolutionProperties) = preSolution
		HideSolutionNode = FALSE
	EndGlobalSection
	GlobalSection(ExtensibilityGlobals) = postSolution
		SolutionGuid = {901B0264-EE88-44AF-849D-64673488AAEF}
	EndGlobalSection
EndGlobal
