
Microsoft Visual Studio Solution File, Format Version 12.00
# Visual Studio Version 17
VisualStudioVersion = 17.0.31903.59
MinimumVisualStudioVersion = 10.0.40219.1
Project("{FAE04EC0-301F-11D3-BF4B-00C04F79EFBC}") = "ShfitsLogger.yemiodetola", "ShiftsLogger.yemiodetola\ShfitsLogger.yemiodetola.csproj", "{F5896372-2D16-4B34-B079-62F035B89737}"
EndProject
Project("{FAE04EC0-301F-11D3-BF4B-00C04F79EFBC}") = "ShiftsLogger.UI", "ShiftsLogger.UI\ShiftsLogger.UI.csproj", "{12A2FE64-B018-4833-BD42-424E93BD9113}"
EndProject
Global
	GlobalSection(SolutionConfigurationPlatforms) = preSolution
		Debug|Any CPU = Debug|Any CPU
		Debug|x64 = Debug|x64
		Debug|x86 = Debug|x86
		Release|Any CPU = Release|Any CPU
		Release|x64 = Release|x64
		Release|x86 = Release|x86
	EndGlobalSection
	GlobalSection(ProjectConfigurationPlatforms) = postSolution
		{F5896372-2D16-4B34-B079-62F035B89737}.Debug|Any CPU.ActiveCfg = Debug|Any CPU
		{F5896372-2D16-4B34-B079-62F035B89737}.Debug|Any CPU.Build.0 = Debug|Any CPU
		{F5896372-2D16-4B34-B079-62F035B89737}.Debug|x64.ActiveCfg = Debug|Any CPU
		{F5896372-2D16-4B34-B079-62F035B89737}.Debug|x64.Build.0 = Debug|Any CPU
		{F5896372-2D16-4B34-B079-62F035B89737}.Debug|x86.ActiveCfg = Debug|Any CPU
		{F5896372-2D16-4B34-B079-62F035B89737}.Debug|x86.Build.0 = Debug|Any CPU
		{F5896372-2D16-4B34-B079-62F035B89737}.Release|Any CPU.ActiveCfg = Release|Any CPU
		{F5896372-2D16-4B34-B079-62F035B89737}.Release|Any CPU.Build.0 = Release|Any CPU
		{F5896372-2D16-4B34-B079-62F035B89737}.Release|x64.ActiveCfg = Release|Any CPU
		{F5896372-2D16-4B34-B079-62F035B89737}.Release|x64.Build.0 = Release|Any CPU
		{F5896372-2D16-4B34-B079-62F035B89737}.Release|x86.ActiveCfg = Release|Any CPU
		{F5896372-2D16-4B34-B079-62F035B89737}.Release|x86.Build.0 = Release|Any CPU
		{12A2FE64-B018-4833-BD42-424E93BD9113}.Debug|Any CPU.ActiveCfg = Debug|Any CPU
		{12A2FE64-B018-4833-BD42-424E93BD9113}.Debug|Any CPU.Build.0 = Debug|Any CPU
		{12A2FE64-B018-4833-BD42-424E93BD9113}.Debug|x64.ActiveCfg = Debug|Any CPU
		{12A2FE64-B018-4833-BD42-424E93BD9113}.Debug|x64.Build.0 = Debug|Any CPU
		{12A2FE64-B018-4833-BD42-424E93BD9113}.Debug|x86.ActiveCfg = Debug|Any CPU
		{12A2FE64-B018-4833-BD42-424E93BD9113}.Debug|x86.Build.0 = Debug|Any CPU
		{12A2FE64-B018-4833-BD42-424E93BD9113}.Release|Any CPU.ActiveCfg = Release|Any CPU
		{12A2FE64-B018-4833-BD42-424E93BD9113}.Release|Any CPU.Build.0 = Release|Any CPU
		{12A2FE64-B018-4833-BD42-424E93BD9113}.Release|x64.ActiveCfg = Release|Any CPU
		{12A2FE64-B018-4833-BD42-424E93BD9113}.Release|x64.Build.0 = Release|Any CPU
		{12A2FE64-B018-4833-BD42-424E93BD9113}.Release|x86.ActiveCfg = Release|Any CPU
		{12A2FE64-B018-4833-BD42-424E93BD9113}.Release|x86.Build.0 = Release|Any CPU
	EndGlobalSection
	GlobalSection(SolutionProperties) = preSolution
		HideSolutionNode = FALSE
	EndGlobalSection
EndGlobal
