
Microsoft Visual Studio Solution File, Format Version 12.00
# Visual Studio Version 17
VisualStudioVersion = 17.12.35527.113 d17.12
MinimumVisualStudioVersion = 10.0.40219.1
Project("{FAE04EC0-301F-11D3-BF4B-00C04F79EFBC}") = "API", "API\API.csproj", "{A5F3A5FB-3713-49B2-A7CD-076A7B8533BB}"
EndProject
Project("{FAE04EC0-301F-11D3-BF4B-00C04F79EFBC}") = "UI", "UI\UI.csproj", "{26386286-9E19-42F3-890A-2897FBFD4AB5}"
EndProject
Global
	GlobalSection(SolutionConfigurationPlatforms) = preSolution
		Debug|Any CPU = Debug|Any CPU
		Release|Any CPU = Release|Any CPU
	EndGlobalSection
	GlobalSection(ProjectConfigurationPlatforms) = postSolution
		{A5F3A5FB-3713-49B2-A7CD-076A7B8533BB}.Debug|Any CPU.ActiveCfg = Debug|Any CPU
		{A5F3A5FB-3713-49B2-A7CD-076A7B8533BB}.Debug|Any CPU.Build.0 = Debug|Any CPU
		{A5F3A5FB-3713-49B2-A7CD-076A7B8533BB}.Release|Any CPU.ActiveCfg = Release|Any CPU
		{A5F3A5FB-3713-49B2-A7CD-076A7B8533BB}.Release|Any CPU.Build.0 = Release|Any CPU
		{26386286-9E19-42F3-890A-2897FBFD4AB5}.Debug|Any CPU.ActiveCfg = Debug|Any CPU
		{26386286-9E19-42F3-890A-2897FBFD4AB5}.Debug|Any CPU.Build.0 = Debug|Any CPU
		{26386286-9E19-42F3-890A-2897FBFD4AB5}.Release|Any CPU.ActiveCfg = Release|Any CPU
		{26386286-9E19-42F3-890A-2897FBFD4AB5}.Release|Any CPU.Build.0 = Release|Any CPU
	EndGlobalSection
	GlobalSection(SolutionProperties) = preSolution
		HideSolutionNode = FALSE
	EndGlobalSection
EndGlobal
