
Microsoft Visual Studio Solution File, Format Version 12.00
# Visual Studio Version 17
VisualStudioVersion = 17.9.34728.123
MinimumVisualStudioVersion = 10.0.40219.1
Project("{9A19103F-16F7-4668-BE54-9A1E7A4F7556}") = "ShiftsLoggerUI", "ShiftsLoggerUI\ShiftsLoggerUI.csproj", "{9495D5BA-956B-4E09-BE05-2C0074A0D2CB}"
EndProject
Project("{9A19103F-16F7-4668-BE54-9A1E7A4F7556}") = "ShiftLoggerAPI", "ShiftLoggerAPI\ShiftLoggerAPI.csproj", "{BFC3F7F6-0993-44CB-BF63-537E18B38D20}"
EndProject
Global
	GlobalSection(SolutionConfigurationPlatforms) = preSolution
		Debug|Any CPU = Debug|Any CPU
		Release|Any CPU = Release|Any CPU
	EndGlobalSection
	GlobalSection(ProjectConfigurationPlatforms) = postSolution
		{9495D5BA-956B-4E09-BE05-2C0074A0D2CB}.Debug|Any CPU.ActiveCfg = Debug|Any CPU
		{9495D5BA-956B-4E09-BE05-2C0074A0D2CB}.Debug|Any CPU.Build.0 = Debug|Any CPU
		{9495D5BA-956B-4E09-BE05-2C0074A0D2CB}.Release|Any CPU.ActiveCfg = Release|Any CPU
		{9495D5BA-956B-4E09-BE05-2C0074A0D2CB}.Release|Any CPU.Build.0 = Release|Any CPU
		{BFC3F7F6-0993-44CB-BF63-537E18B38D20}.Debug|Any CPU.ActiveCfg = Debug|Any CPU
		{BFC3F7F6-0993-44CB-BF63-537E18B38D20}.Debug|Any CPU.Build.0 = Debug|Any CPU
		{BFC3F7F6-0993-44CB-BF63-537E18B38D20}.Release|Any CPU.ActiveCfg = Release|Any CPU
		{BFC3F7F6-0993-44CB-BF63-537E18B38D20}.Release|Any CPU.Build.0 = Release|Any CPU
	EndGlobalSection
	GlobalSection(SolutionProperties) = preSolution
		HideSolutionNode = FALSE
	EndGlobalSection
	GlobalSection(ExtensibilityGlobals) = postSolution
		SolutionGuid = {4D5859E3-AADB-40F8-AAC6-4DBB5ECC19AC}
	EndGlobalSection
EndGlobal
