
Microsoft Visual Studio Solution File, Format Version 12.00
# Visual Studio Version 17
VisualStudioVersion = 17.0.31903.59
MinimumVisualStudioVersion = 10.0.40219.1
Project("{FAE04EC0-301F-11D3-BF4B-00C04F79EFBC}") = "WorkerShiftsAPI", "WorkerShiftsAPI\WorkerShiftsAPI.csproj", "{B6A80DC6-5BF3-4869-BE49-CFB483CB98A5}"
EndProject
Project("{FAE04EC0-301F-11D3-BF4B-00C04F79EFBC}") = "WorkerShiftsUI", "WorkerShiftsUI\WorkerShiftsUI.csproj", "{57E59688-05FC-413F-9D29-589B75DBB82B}"
EndProject
Global
	GlobalSection(SolutionConfigurationPlatforms) = preSolution
		Debug|Any CPU = Debug|Any CPU
		Release|Any CPU = Release|Any CPU
	EndGlobalSection
	GlobalSection(SolutionProperties) = preSolution
		HideSolutionNode = FALSE
	EndGlobalSection
	GlobalSection(ProjectConfigurationPlatforms) = postSolution
		{B6A80DC6-5BF3-4869-BE49-CFB483CB98A5}.Debug|Any CPU.ActiveCfg = Debug|Any CPU
		{B6A80DC6-5BF3-4869-BE49-CFB483CB98A5}.Debug|Any CPU.Build.0 = Debug|Any CPU
		{B6A80DC6-5BF3-4869-BE49-CFB483CB98A5}.Release|Any CPU.ActiveCfg = Release|Any CPU
		{B6A80DC6-5BF3-4869-BE49-CFB483CB98A5}.Release|Any CPU.Build.0 = Release|Any CPU
		{57E59688-05FC-413F-9D29-589B75DBB82B}.Debug|Any CPU.ActiveCfg = Debug|Any CPU
		{57E59688-05FC-413F-9D29-589B75DBB82B}.Debug|Any CPU.Build.0 = Debug|Any CPU
		{57E59688-05FC-413F-9D29-589B75DBB82B}.Release|Any CPU.ActiveCfg = Release|Any CPU
		{57E59688-05FC-413F-9D29-589B75DBB82B}.Release|Any CPU.Build.0 = Release|Any CPU
	EndGlobalSection
EndGlobal
