
Microsoft Visual Studio Solution File, Format Version 12.00
# Visual Studio Version 17
VisualStudioVersion = 17.9.34701.34
MinimumVisualStudioVersion = 10.0.40219.1
Project("{FAE04EC0-301F-11D3-BF4B-00C04F79EFBC}") = "ShiftLogger.samggannon", "ShiftLogger.samggannon\ShiftLogger.samggannon.csproj", "{7673221C-791D-45ED-86B4-B752A4D6C278}"
EndProject
Global
	GlobalSection(SolutionConfigurationPlatforms) = preSolution
		Debug|Any CPU = Debug|Any CPU
		Release|Any CPU = Release|Any CPU
	EndGlobalSection
	GlobalSection(ProjectConfigurationPlatforms) = postSolution
		{7673221C-791D-45ED-86B4-B752A4D6C278}.Debug|Any CPU.ActiveCfg = Debug|Any CPU
		{7673221C-791D-45ED-86B4-B752A4D6C278}.Debug|Any CPU.Build.0 = Debug|Any CPU
		{7673221C-791D-45ED-86B4-B752A4D6C278}.Release|Any CPU.ActiveCfg = Release|Any CPU
		{7673221C-791D-45ED-86B4-B752A4D6C278}.Release|Any CPU.Build.0 = Release|Any CPU
	EndGlobalSection
	GlobalSection(SolutionProperties) = preSolution
		HideSolutionNode = FALSE
	EndGlobalSection
	GlobalSection(ExtensibilityGlobals) = postSolution
		SolutionGuid = {77103A96-67C2-427D-AE61-41193044D22E}
	EndGlobalSection
EndGlobal
