
Microsoft Visual Studio Solution File, Format Version 12.00
# Visual Studio Version 17
VisualStudioVersion = 17.13.35818.85 d17.13
MinimumVisualStudioVersion = 10.0.40219.1
Project("{FAE04EC0-301F-11D3-BF4B-00C04F79EFBC}") = "ShiftsLogger.UI", "ShiftLogger.UI\ShiftsLogger.UI.csproj", "{B21E160E-82E5-4FE5-9798-7CE06BD336F0}"
EndProject
Global
	GlobalSection(SolutionConfigurationPlatforms) = preSolution
		Debug|Any CPU = Debug|Any CPU
		Release|Any CPU = Release|Any CPU
	EndGlobalSection
	GlobalSection(ProjectConfigurationPlatforms) = postSolution
		{B21E160E-82E5-4FE5-9798-7CE06BD336F0}.Debug|Any CPU.ActiveCfg = Debug|Any CPU
		{B21E160E-82E5-4FE5-9798-7CE06BD336F0}.Debug|Any CPU.Build.0 = Debug|Any CPU
		{B21E160E-82E5-4FE5-9798-7CE06BD336F0}.Release|Any CPU.ActiveCfg = Release|Any CPU
		{B21E160E-82E5-4FE5-9798-7CE06BD336F0}.Release|Any CPU.Build.0 = Release|Any CPU
	EndGlobalSection
	GlobalSection(SolutionProperties) = preSolution
		HideSolutionNode = FALSE
	EndGlobalSection
	GlobalSection(ExtensibilityGlobals) = postSolution
		SolutionGuid = {03E52433-1BDD-48C0-B20E-4A29449F1B66}
	EndGlobalSection
EndGlobal
