
Microsoft Visual Studio Solution File, Format Version 12.00
# Visual Studio Version 17
VisualStudioVersion = 17.7.34003.232
MinimumVisualStudioVersion = 10.0.40219.1
Project("{9A19103F-16F7-4668-BE54-9A1E7A4F7556}") = "ShiftLoggerAPI", "ShiftLoggerAPI\ShiftLoggerAPI.csproj", "{FF177C20-3C28-4A32-AE21-40EDE6EC401D}"
EndProject
Project("{FAE04EC0-301F-11D3-BF4B-00C04F79EFBC}") = "ShiftLoggerUI", "ShiftLoggerUI\ShiftLoggerUI.csproj", "{829CDD0B-68CD-4112-9D1E-E67057E58C2D}"
EndProject
Global
	GlobalSection(SolutionConfigurationPlatforms) = preSolution
		Debug|Any CPU = Debug|Any CPU
		Release|Any CPU = Release|Any CPU
	EndGlobalSection
	GlobalSection(ProjectConfigurationPlatforms) = postSolution
		{FF177C20-3C28-4A32-AE21-40EDE6EC401D}.Debug|Any CPU.ActiveCfg = Debug|Any CPU
		{FF177C20-3C28-4A32-AE21-40EDE6EC401D}.Debug|Any CPU.Build.0 = Debug|Any CPU
		{FF177C20-3C28-4A32-AE21-40EDE6EC401D}.Release|Any CPU.ActiveCfg = Release|Any CPU
		{FF177C20-3C28-4A32-AE21-40EDE6EC401D}.Release|Any CPU.Build.0 = Release|Any CPU
		{829CDD0B-68CD-4112-9D1E-E67057E58C2D}.Debug|Any CPU.ActiveCfg = Debug|Any CPU
		{829CDD0B-68CD-4112-9D1E-E67057E58C2D}.Debug|Any CPU.Build.0 = Debug|Any CPU
		{829CDD0B-68CD-4112-9D1E-E67057E58C2D}.Release|Any CPU.ActiveCfg = Release|Any CPU
		{829CDD0B-68CD-4112-9D1E-E67057E58C2D}.Release|Any CPU.Build.0 = Release|Any CPU
	EndGlobalSection
	GlobalSection(SolutionProperties) = preSolution
		HideSolutionNode = FALSE
	EndGlobalSection
	GlobalSection(ExtensibilityGlobals) = postSolution
		SolutionGuid = {178495DB-2357-4D4B-AA50-BB95EC7AB8F0}
	EndGlobalSection
EndGlobal
