
Microsoft Visual Studio Solution File, Format Version 12.00
# Visual Studio Version 17
VisualStudioVersion = 17.10.35027.167
MinimumVisualStudioVersion = 10.0.40219.1
Project("{9A19103F-16F7-4668-BE54-9A1E7A4F7556}") = "Shifts Logger", "Shifts Logger\Shifts Logger.csproj", "{21858EE1-A460-4C36-B68D-3622EF61928B}"
EndProject
Project("{FAE04EC0-301F-11D3-BF4B-00C04F79EFBC}") = "ShiftsLoggerUI", "ShiftsLoggerUI\ShiftsLoggerUI.csproj", "{3DB7455B-BBA8-4EE7-AD3D-422DB81D5B66}"
EndProject
Global
	GlobalSection(SolutionConfigurationPlatforms) = preSolution
		Debug|Any CPU = Debug|Any CPU
		Release|Any CPU = Release|Any CPU
	EndGlobalSection
	GlobalSection(ProjectConfigurationPlatforms) = postSolution
		{21858EE1-A460-4C36-B68D-3622EF61928B}.Debug|Any CPU.ActiveCfg = Debug|Any CPU
		{21858EE1-A460-4C36-B68D-3622EF61928B}.Debug|Any CPU.Build.0 = Debug|Any CPU
		{21858EE1-A460-4C36-B68D-3622EF61928B}.Release|Any CPU.ActiveCfg = Release|Any CPU
		{21858EE1-A460-4C36-B68D-3622EF61928B}.Release|Any CPU.Build.0 = Release|Any CPU
		{3DB7455B-BBA8-4EE7-AD3D-422DB81D5B66}.Debug|Any CPU.ActiveCfg = Debug|Any CPU
		{3DB7455B-BBA8-4EE7-AD3D-422DB81D5B66}.Debug|Any CPU.Build.0 = Debug|Any CPU
		{3DB7455B-BBA8-4EE7-AD3D-422DB81D5B66}.Release|Any CPU.ActiveCfg = Release|Any CPU
		{3DB7455B-BBA8-4EE7-AD3D-422DB81D5B66}.Release|Any CPU.Build.0 = Release|Any CPU
	EndGlobalSection
	GlobalSection(SolutionProperties) = preSolution
		HideSolutionNode = FALSE
	EndGlobalSection
	GlobalSection(ExtensibilityGlobals) = postSolution
		SolutionGuid = {7B9C88D6-D6A5-453F-8010-BFC97CA6E850}
	EndGlobalSection
EndGlobal
