
Microsoft Visual Studio Solution File, Format Version 12.00
# Visual Studio Version 17
VisualStudioVersion = 17.13.35825.156
MinimumVisualStudioVersion = 10.0.40219.1
Project("{FAE04EC0-301F-11D3-BF4B-00C04F79EFBC}") = "ShiftsLogger.WebApi", "Shifts-Logger.WebApi\ShiftsLogger.WebApi.csproj", "{1F5ABAC1-231B-4907-A1F8-A96E782E9232}"
EndProject
Project("{FAE04EC0-301F-11D3-BF4B-00C04F79EFBC}") = "ConsoleUI", "ConsoleUI\ConsoleUI.csproj", "{87E808EE-28E3-4EF6-BEAF-3D467F02EFD4}"
EndProject
Global
	GlobalSection(SolutionConfigurationPlatforms) = preSolution
		Debug|Any CPU = Debug|Any CPU
		Release|Any CPU = Release|Any CPU
	EndGlobalSection
	GlobalSection(ProjectConfigurationPlatforms) = postSolution
		{1F5ABAC1-231B-4907-A1F8-A96E782E9232}.Debug|Any CPU.ActiveCfg = Debug|Any CPU
		{1F5ABAC1-231B-4907-A1F8-A96E782E9232}.Debug|Any CPU.Build.0 = Debug|Any CPU
		{1F5ABAC1-231B-4907-A1F8-A96E782E9232}.Release|Any CPU.ActiveCfg = Release|Any CPU
		{1F5ABAC1-231B-4907-A1F8-A96E782E9232}.Release|Any CPU.Build.0 = Release|Any CPU
		{87E808EE-28E3-4EF6-BEAF-3D467F02EFD4}.Debug|Any CPU.ActiveCfg = Debug|Any CPU
		{87E808EE-28E3-4EF6-BEAF-3D467F02EFD4}.Debug|Any CPU.Build.0 = Debug|Any CPU
		{87E808EE-28E3-4EF6-BEAF-3D467F02EFD4}.Release|Any CPU.ActiveCfg = Release|Any CPU
		{87E808EE-28E3-4EF6-BEAF-3D467F02EFD4}.Release|Any CPU.Build.0 = Release|Any CPU
	EndGlobalSection
	GlobalSection(SolutionProperties) = preSolution
		HideSolutionNode = FALSE
	EndGlobalSection
	GlobalSection(ExtensibilityGlobals) = postSolution
		SolutionGuid = {9E08996F-606C-474A-9E1F-B44C850BA514}
	EndGlobalSection
EndGlobal
