
Microsoft Visual Studio Solution File, Format Version 12.00
# Visual Studio Version 17
VisualStudioVersion = 17.0.31903.59
MinimumVisualStudioVersion = 10.0.40219.1
Project("{FAE04EC0-301F-11D3-BF4B-00C04F79EFBC}") = "Api", "Api\Api.csproj", "{9BF8D908-E56D-4BFE-8FCA-488DF1288E0D}"
EndProject
Project("{FAE04EC0-301F-11D3-BF4B-00C04F79EFBC}") = "ShiftsLogger.Console", "ShiftsLogger.Console\ShiftsLogger.Console.csproj", "{9E170E04-46C0-4269-BE11-67041528AD1C}"
EndProject
Project("{FAE04EC0-301F-11D3-BF4B-00C04F79EFBC}") = "Models", "Models\Models.csproj", "{BAD76609-B504-42AD-8682-B9FBCEBDA91B}"
EndProject
Global
	GlobalSection(SolutionConfigurationPlatforms) = preSolution
		Debug|Any CPU = Debug|Any CPU
		Release|Any CPU = Release|Any CPU
	EndGlobalSection
	GlobalSection(SolutionProperties) = preSolution
		HideSolutionNode = FALSE
	EndGlobalSection
	GlobalSection(ProjectConfigurationPlatforms) = postSolution
		{9BF8D908-E56D-4BFE-8FCA-488DF1288E0D}.Debug|Any CPU.ActiveCfg = Debug|Any CPU
		{9BF8D908-E56D-4BFE-8FCA-488DF1288E0D}.Debug|Any CPU.Build.0 = Debug|Any CPU
		{9BF8D908-E56D-4BFE-8FCA-488DF1288E0D}.Release|Any CPU.ActiveCfg = Release|Any CPU
		{9BF8D908-E56D-4BFE-8FCA-488DF1288E0D}.Release|Any CPU.Build.0 = Release|Any CPU
		{9E170E04-46C0-4269-BE11-67041528AD1C}.Debug|Any CPU.ActiveCfg = Debug|Any CPU
		{9E170E04-46C0-4269-BE11-67041528AD1C}.Debug|Any CPU.Build.0 = Debug|Any CPU
		{9E170E04-46C0-4269-BE11-67041528AD1C}.Release|Any CPU.ActiveCfg = Release|Any CPU
		{9E170E04-46C0-4269-BE11-67041528AD1C}.Release|Any CPU.Build.0 = Release|Any CPU
		{BAD76609-B504-42AD-8682-B9FBCEBDA91B}.Debug|Any CPU.ActiveCfg = Debug|Any CPU
		{BAD76609-B504-42AD-8682-B9FBCEBDA91B}.Debug|Any CPU.Build.0 = Debug|Any CPU
		{BAD76609-B504-42AD-8682-B9FBCEBDA91B}.Release|Any CPU.ActiveCfg = Release|Any CPU
		{BAD76609-B504-42AD-8682-B9FBCEBDA91B}.Release|Any CPU.Build.0 = Release|Any CPU
	EndGlobalSection
EndGlobal
