
Microsoft Visual Studio Solution File, Format Version 12.00
# Visual Studio Version 16
VisualStudioVersion = 16.0.30804.86
MinimumVisualStudioVersion = 10.0.40219.1
Project("{FAE04EC0-301F-11D3-BF4B-00C04F79EFBC}") = "WokersAPI", "WokersAPI\WokersAPI.csproj", "{EC4115D1-5472-48D2-AF5E-E6DBC160C4A2}"
EndProject
Global
	GlobalSection(SolutionConfigurationPlatforms) = preSolution
		Debug|Any CPU = Debug|Any CPU
		Release|Any CPU = Release|Any CPU
	EndGlobalSection
	GlobalSection(ProjectConfigurationPlatforms) = postSolution
		{EC4115D1-5472-48D2-AF5E-E6DBC160C4A2}.Debug|Any CPU.ActiveCfg = Debug|Any CPU
		{EC4115D1-5472-48D2-AF5E-E6DBC160C4A2}.Debug|Any CPU.Build.0 = Debug|Any CPU
		{EC4115D1-5472-48D2-AF5E-E6DBC160C4A2}.Release|Any CPU.ActiveCfg = Release|Any CPU
		{EC4115D1-5472-48D2-AF5E-E6DBC160C4A2}.Release|Any CPU.Build.0 = Release|Any CPU
	EndGlobalSection
	GlobalSection(SolutionProperties) = preSolution
		HideSolutionNode = FALSE
	EndGlobalSection
	GlobalSection(ExtensibilityGlobals) = postSolution
		SolutionGuid = {8C5720C0-0CB3-4FD7-91A1-888205FE074C}
	EndGlobalSection
EndGlobal
