
Microsoft Visual Studio Solution File, Format Version 12.00
# Visual Studio Version 17
VisualStudioVersion = 17.6.33723.286
MinimumVisualStudioVersion = 10.0.40219.1
Project("{FAE04EC0-301F-11D3-BF4B-00C04F79EFBC}") = "ShiftsLogger.Vocalnight", "ShiftsLogger.Vocalnight\ShiftsLogger.Vocalnight.csproj", "{45A0ABB1-2BD1-4877-993F-B9E2B939CB60}"
EndProject
Project("{FAE04EC0-301F-11D3-BF4B-00C04F79EFBC}") = "ShiftsLoggerAPI", "ShiftsLoggerAPI\ShiftsLoggerAPI.csproj", "{8143CE3F-91F2-4E2B-A2BD-A58CA6137FD7}"
EndProject
Global
	GlobalSection(SolutionConfigurationPlatforms) = preSolution
		Debug|Any CPU = Debug|Any CPU
		Release|Any CPU = Release|Any CPU
	EndGlobalSection
	GlobalSection(ProjectConfigurationPlatforms) = postSolution
		{45A0ABB1-2BD1-4877-993F-B9E2B939CB60}.Debug|Any CPU.ActiveCfg = Debug|Any CPU
		{45A0ABB1-2BD1-4877-993F-B9E2B939CB60}.Debug|Any CPU.Build.0 = Debug|Any CPU
		{45A0ABB1-2BD1-4877-993F-B9E2B939CB60}.Release|Any CPU.ActiveCfg = Release|Any CPU
		{45A0ABB1-2BD1-4877-993F-B9E2B939CB60}.Release|Any CPU.Build.0 = Release|Any CPU
		{8143CE3F-91F2-4E2B-A2BD-A58CA6137FD7}.Debug|Any CPU.ActiveCfg = Debug|Any CPU
		{8143CE3F-91F2-4E2B-A2BD-A58CA6137FD7}.Debug|Any CPU.Build.0 = Debug|Any CPU
		{8143CE3F-91F2-4E2B-A2BD-A58CA6137FD7}.Release|Any CPU.ActiveCfg = Release|Any CPU
		{8143CE3F-91F2-4E2B-A2BD-A58CA6137FD7}.Release|Any CPU.Build.0 = Release|Any CPU
	EndGlobalSection
	GlobalSection(SolutionProperties) = preSolution
		HideSolutionNode = FALSE
	EndGlobalSection
	GlobalSection(ExtensibilityGlobals) = postSolution
		SolutionGuid = {DB8BF013-5AD4-4D74-BA9D-439314C58C1F}
	EndGlobalSection
EndGlobal
