
Microsoft Visual Studio Solution File, Format Version 12.00
# Visual Studio Version 17
VisualStudioVersion = 17.10.34928.147
MinimumVisualStudioVersion = 10.0.40219.1
Project("{FAE04EC0-301F-11D3-BF4B-00C04F79EFBC}") = "ShiftsLogger.ConsoleUI", "ShiftsLogger.ConsoleUI\ShiftsLogger.ConsoleUI.csproj", "{952837E8-0E6E-4664-B52B-1F4AD795E1F5}"
EndProject
Global
	GlobalSection(SolutionConfigurationPlatforms) = preSolution
		Debug|Any CPU = Debug|Any CPU
		Release|Any CPU = Release|Any CPU
	EndGlobalSection
	GlobalSection(ProjectConfigurationPlatforms) = postSolution
		{952837E8-0E6E-4664-B52B-1F4AD795E1F5}.Debug|Any CPU.ActiveCfg = Debug|Any CPU
		{952837E8-0E6E-4664-B52B-1F4AD795E1F5}.Debug|Any CPU.Build.0 = Debug|Any CPU
		{952837E8-0E6E-4664-B52B-1F4AD795E1F5}.Release|Any CPU.ActiveCfg = Release|Any CPU
		{952837E8-0E6E-4664-B52B-1F4AD795E1F5}.Release|Any CPU.Build.0 = Release|Any CPU
	EndGlobalSection
	GlobalSection(SolutionProperties) = preSolution
		HideSolutionNode = FALSE
	EndGlobalSection
	GlobalSection(ExtensibilityGlobals) = postSolution
		SolutionGuid = {A77BEE6B-B674-45FF-ACFD-EFDFCA250936}
	EndGlobalSection
EndGlobal
