
Microsoft Visual Studio Solution File, Format Version 12.00
# Visual Studio Version 17
VisualStudioVersion = 17.8.34511.84
MinimumVisualStudioVersion = 10.0.40219.1
Project("{FAE04EC0-301F-11D3-BF4B-00C04F79EFBC}") = "ShiftsLoggerAPI", "ShiftsLoggerAPI\ShiftsLoggerAPI.csproj", "{E271B888-988C-46B6-9D98-48315C582C84}"
EndProject
Project("{FAE04EC0-301F-11D3-BF4B-00C04F79EFBC}") = "ShiftsLoggerUI", "ShiftsLoggerUI\ShiftsLoggerUI.csproj", "{8C39DDC4-70B8-4F2F-863E-2E9E3CEBDC77}"
EndProject
Global
	GlobalSection(SolutionConfigurationPlatforms) = preSolution
		Debug|Any CPU = Debug|Any CPU
		Release|Any CPU = Release|Any CPU
	EndGlobalSection
	GlobalSection(ProjectConfigurationPlatforms) = postSolution
		{E271B888-988C-46B6-9D98-48315C582C84}.Debug|Any CPU.ActiveCfg = Debug|Any CPU
		{E271B888-988C-46B6-9D98-48315C582C84}.Debug|Any CPU.Build.0 = Debug|Any CPU
		{E271B888-988C-46B6-9D98-48315C582C84}.Release|Any CPU.ActiveCfg = Release|Any CPU
		{E271B888-988C-46B6-9D98-48315C582C84}.Release|Any CPU.Build.0 = Release|Any CPU
		{8C39DDC4-70B8-4F2F-863E-2E9E3CEBDC77}.Debug|Any CPU.ActiveCfg = Debug|Any CPU
		{8C39DDC4-70B8-4F2F-863E-2E9E3CEBDC77}.Debug|Any CPU.Build.0 = Debug|Any CPU
		{8C39DDC4-70B8-4F2F-863E-2E9E3CEBDC77}.Release|Any CPU.ActiveCfg = Release|Any CPU
		{8C39DDC4-70B8-4F2F-863E-2E9E3CEBDC77}.Release|Any CPU.Build.0 = Release|Any CPU
	EndGlobalSection
	GlobalSection(SolutionProperties) = preSolution
		HideSolutionNode = FALSE
	EndGlobalSection
	GlobalSection(ExtensibilityGlobals) = postSolution
		SolutionGuid = {B3965B89-5320-4231-BA76-2FCED81DA241}
	EndGlobalSection
EndGlobal
