
Microsoft Visual Studio Solution File, Format Version 12.00
# Visual Studio Version 17
VisualStudioVersion = 17.11.35312.102
MinimumVisualStudioVersion = 10.0.40219.1
Project("{FAE04EC0-301F-11D3-BF4B-00C04F79EFBC}") = "ShiftsLoggerApi", "ShiftsLoggerApi.csproj", "{A3D3E23D-4179-40E6-81F9-B71086C009A0}"
EndProject
Global
	GlobalSection(SolutionConfigurationPlatforms) = preSolution
		Debug|Any CPU = Debug|Any CPU
		Release|Any CPU = Release|Any CPU
	EndGlobalSection
	GlobalSection(ProjectConfigurationPlatforms) = postSolution
		{A3D3E23D-4179-40E6-81F9-B71086C009A0}.Debug|Any CPU.ActiveCfg = Debug|Any CPU
		{A3D3E23D-4179-40E6-81F9-B71086C009A0}.Debug|Any CPU.Build.0 = Debug|Any CPU
		{A3D3E23D-4179-40E6-81F9-B71086C009A0}.Release|Any CPU.ActiveCfg = Release|Any CPU
		{A3D3E23D-4179-40E6-81F9-B71086C009A0}.Release|Any CPU.Build.0 = Release|Any CPU
	EndGlobalSection
	GlobalSection(SolutionProperties) = preSolution
		HideSolutionNode = FALSE
	EndGlobalSection
	GlobalSection(ExtensibilityGlobals) = postSolution
		SolutionGuid = {CFCB6485-D293-498E-876C-D4C8DFE806E4}
	EndGlobalSection
EndGlobal
