
Microsoft Visual Studio Solution File, Format Version 12.00
# Visual Studio Version 17
VisualStudioVersion = 17.5.002.0
MinimumVisualStudioVersion = 10.0.40219.1
Project("{9A19103F-16F7-4668-BE54-9A1E7A4F7556}") = "ShiftsLogger.API", "ShiftsLogger.API.csproj", "{76EAA857-3CE3-41D6-88A3-15E9D50D285A}"
EndProject
Global
	GlobalSection(SolutionConfigurationPlatforms) = preSolution
		Debug|Any CPU = Debug|Any CPU
		Release|Any CPU = Release|Any CPU
	EndGlobalSection
	GlobalSection(ProjectConfigurationPlatforms) = postSolution
		{76EAA857-3CE3-41D6-88A3-15E9D50D285A}.Debug|Any CPU.ActiveCfg = Debug|Any CPU
		{76EAA857-3CE3-41D6-88A3-15E9D50D285A}.Debug|Any CPU.Build.0 = Debug|Any CPU
		{76EAA857-3CE3-41D6-88A3-15E9D50D285A}.Release|Any CPU.ActiveCfg = Release|Any CPU
		{76EAA857-3CE3-41D6-88A3-15E9D50D285A}.Release|Any CPU.Build.0 = Release|Any CPU
	EndGlobalSection
	GlobalSection(SolutionProperties) = preSolution
		HideSolutionNode = FALSE
	EndGlobalSection
	GlobalSection(ExtensibilityGlobals) = postSolution
		SolutionGuid = {CACBCA58-74B0-416E-8AB5-B8639B463918}
	EndGlobalSection
EndGlobal
