
Microsoft Visual Studio Solution File, Format Version 12.00
# Visual Studio Version 17
VisualStudioVersion = 17.10.35027.167
MinimumVisualStudioVersion = 10.0.40219.1
Project("{9A19103F-16F7-4668-BE54-9A1E7A4F7556}") = "ShiftsLogger", "ShiftsLogger\ShiftsLogger.csproj", "{E9AF627A-D04C-4450-AF55-939E72F1A199}"
EndProject
Project("{9A19103F-16F7-4668-BE54-9A1E7A4F7556}") = "ShiftsLoggerUI", "ShiftLoggerUI\ShiftsLoggerUI.csproj", "{3244FCC6-D02B-4DA4-94D7-B787080728F4}"
	ProjectSection(ProjectDependencies) = postProject
		{E9AF627A-D04C-4450-AF55-939E72F1A199} = {E9AF627A-D04C-4450-AF55-939E72F1A199}
	EndProjectSection
EndProject
Project("{9A19103F-16F7-4668-BE54-9A1E7A4F7556}") = "ShiftsLoggerLibrary", "ShiftsLoggerLibrary\ShiftsLoggerLibrary.csproj", "{7A1A6E0F-EC30-47A2-97CE-B0657956F38F}"
EndProject
Global
	GlobalSection(SolutionConfigurationPlatforms) = preSolution
		Debug|Any CPU = Debug|Any CPU
		Release|Any CPU = Release|Any CPU
	EndGlobalSection
	GlobalSection(ProjectConfigurationPlatforms) = postSolution
		{E9AF627A-D04C-4450-AF55-939E72F1A199}.Debug|Any CPU.ActiveCfg = Debug|Any CPU
		{E9AF627A-D04C-4450-AF55-939E72F1A199}.Debug|Any CPU.Build.0 = Debug|Any CPU
		{E9AF627A-D04C-4450-AF55-939E72F1A199}.Release|Any CPU.ActiveCfg = Release|Any CPU
		{E9AF627A-D04C-4450-AF55-939E72F1A199}.Release|Any CPU.Build.0 = Release|Any CPU
		{3244FCC6-D02B-4DA4-94D7-B787080728F4}.Debug|Any CPU.ActiveCfg = Debug|Any CPU
		{3244FCC6-D02B-4DA4-94D7-B787080728F4}.Debug|Any CPU.Build.0 = Debug|Any CPU
		{3244FCC6-D02B-4DA4-94D7-B787080728F4}.Release|Any CPU.ActiveCfg = Release|Any CPU
		{3244FCC6-D02B-4DA4-94D7-B787080728F4}.Release|Any CPU.Build.0 = Release|Any CPU
		{7A1A6E0F-EC30-47A2-97CE-B0657956F38F}.Debug|Any CPU.ActiveCfg = Debug|Any CPU
		{7A1A6E0F-EC30-47A2-97CE-B0657956F38F}.Debug|Any CPU.Build.0 = Debug|Any CPU
		{7A1A6E0F-EC30-47A2-97CE-B0657956F38F}.Release|Any CPU.ActiveCfg = Release|Any CPU
		{7A1A6E0F-EC30-47A2-97CE-B0657956F38F}.Release|Any CPU.Build.0 = Release|Any CPU
	EndGlobalSection
	GlobalSection(SolutionProperties) = preSolution
		HideSolutionNode = FALSE
	EndGlobalSection
	GlobalSection(ExtensibilityGlobals) = postSolution
		SolutionGuid = {9867245C-BBB0-4E98-8844-9013AC60BF90}
	EndGlobalSection
EndGlobal
