
Microsoft Visual Studio Solution File, Format Version 12.00
# Visual Studio Version 17
VisualStudioVersion = 17.12.35707.178
MinimumVisualStudioVersion = 10.0.40219.1
Project("{FAE04EC0-301F-11D3-BF4B-00C04F79EFBC}") = "API", "API.csproj", "{5F07AD6A-AFB9-4987-8D59-16851692ED51}"
EndProject
Project("{FAE04EC0-301F-11D3-BF4B-00C04F79EFBC}") = "Front-App", "..\Front-App\Front-App.csproj", "{EE39A43C-B296-46EA-83C6-9AF67806330A}"
EndProject
Global
	GlobalSection(SolutionConfigurationPlatforms) = preSolution
		Debug|Any CPU = Debug|Any CPU
		Release|Any CPU = Release|Any CPU
	EndGlobalSection
	GlobalSection(ProjectConfigurationPlatforms) = postSolution
		{5F07AD6A-AFB9-4987-8D59-16851692ED51}.Debug|Any CPU.ActiveCfg = Debug|Any CPU
		{5F07AD6A-AFB9-4987-8D59-16851692ED51}.Debug|Any CPU.Build.0 = Debug|Any CPU
		{5F07AD6A-AFB9-4987-8D59-16851692ED51}.Release|Any CPU.ActiveCfg = Release|Any CPU
		{5F07AD6A-AFB9-4987-8D59-16851692ED51}.Release|Any CPU.Build.0 = Release|Any CPU
		{EE39A43C-B296-46EA-83C6-9AF67806330A}.Debug|Any CPU.ActiveCfg = Debug|Any CPU
		{EE39A43C-B296-46EA-83C6-9AF67806330A}.Debug|Any CPU.Build.0 = Debug|Any CPU
		{EE39A43C-B296-46EA-83C6-9AF67806330A}.Release|Any CPU.ActiveCfg = Release|Any CPU
		{EE39A43C-B296-46EA-83C6-9AF67806330A}.Release|Any CPU.Build.0 = Release|Any CPU
	EndGlobalSection
	GlobalSection(SolutionProperties) = preSolution
		HideSolutionNode = FALSE
	EndGlobalSection
EndGlobal
