
Microsoft Visual Studio Solution File, Format Version 12.00
# Visual Studio Version 17
VisualStudioVersion = 17.12.35514.174 d17.12
MinimumVisualStudioVersion = 10.0.40219.1
Project("{FAE04EC0-301F-11D3-BF4B-00C04F79EFBC}") = "ShiftsLoggerAPI", "ShiftsLoggerAPI\ShiftsLoggerAPI.csproj", "{019B17D2-FD0A-4FDE-8030-B46F37F17966}"
EndProject
Project("{FAE04EC0-301F-11D3-BF4B-00C04F79EFBC}") = "Shared", "Shared\Shared.csproj", "{D7149FF0-6C01-41B3-BB99-9A6BA8C8A84C}"
EndProject
Project("{FAE04EC0-301F-11D3-BF4B-00C04F79EFBC}") = "ShiftsLoggerUI", "ShiftsLoggerUI\ShiftsLoggerUI.csproj", "{E129AE72-5EE2-476C-9344-7C737B125A36}"
EndProject
Global
	GlobalSection(SolutionConfigurationPlatforms) = preSolution
		Debug|Any CPU = Debug|Any CPU
		Release|Any CPU = Release|Any CPU
	EndGlobalSection
	GlobalSection(ProjectConfigurationPlatforms) = postSolution
		{019B17D2-FD0A-4FDE-8030-B46F37F17966}.Debug|Any CPU.ActiveCfg = Debug|Any CPU
		{019B17D2-FD0A-4FDE-8030-B46F37F17966}.Debug|Any CPU.Build.0 = Debug|Any CPU
		{019B17D2-FD0A-4FDE-8030-B46F37F17966}.Release|Any CPU.ActiveCfg = Release|Any CPU
		{019B17D2-FD0A-4FDE-8030-B46F37F17966}.Release|Any CPU.Build.0 = Release|Any CPU
		{D7149FF0-6C01-41B3-BB99-9A6BA8C8A84C}.Debug|Any CPU.ActiveCfg = Debug|Any CPU
		{D7149FF0-6C01-41B3-BB99-9A6BA8C8A84C}.Debug|Any CPU.Build.0 = Debug|Any CPU
		{D7149FF0-6C01-41B3-BB99-9A6BA8C8A84C}.Release|Any CPU.ActiveCfg = Release|Any CPU
		{D7149FF0-6C01-41B3-BB99-9A6BA8C8A84C}.Release|Any CPU.Build.0 = Release|Any CPU
		{E129AE72-5EE2-476C-9344-7C737B125A36}.Debug|Any CPU.ActiveCfg = Debug|Any CPU
		{E129AE72-5EE2-476C-9344-7C737B125A36}.Debug|Any CPU.Build.0 = Debug|Any CPU
		{E129AE72-5EE2-476C-9344-7C737B125A36}.Release|Any CPU.ActiveCfg = Release|Any CPU
		{E129AE72-5EE2-476C-9344-7C737B125A36}.Release|Any CPU.Build.0 = Release|Any CPU
	EndGlobalSection
	GlobalSection(SolutionProperties) = preSolution
		HideSolutionNode = FALSE
	EndGlobalSection
EndGlobal
